PODS:
  - Swinject (2.8.0)
  - SwinjectStoryboard (2.2.0):
    - Swinject (~> 2.6)

DEPENDENCIES:
  - Swinject
  - SwinjectStoryboard

SPEC REPOS:
  trunk:
    - Swinject
    - SwinjectStoryboard

SPEC CHECKSUMS:
  Swinject: db795b8d6d78559b25fbebb0170d2635be1176e2
  SwinjectStoryboard: 32512ef16c2b0ff5b8f823b23539c4a50f6d3383

PODFILE CHECKSUM: a5fecc712805b32ec8410231c406f54ef15d5edb

COCOAPODS: 1.11.0
